
Microsoft Visual Studio Solution File, Format Version 12.00
# Visual Studio Version 16
VisualStudioVersion = 16.0.29215.179
MinimumVisualStudioVersion = 10.0.40219.1
Project("{FAE04EC0-301F-11D3-BF4B-00C04F79EFBC}") = "Xamarin_Assignment2.UWP", "Xamarin_Assignment2\Xamarin_Assignment2.UWP\Xamarin_Assignment2.UWP.csproj", "{2F77C694-008D-4BF3-B076-EB9E703606D4}"
EndProject
Project("{FAE04EC0-301F-11D3-BF4B-00C04F79EFBC}") = "Xamarin_Assignment2.Android", "Xamarin_Assignment2\Xamarin_Assignment2.Android\Xamarin_Assignment2.Android.csproj", "{6F8B4273-606B-4741-B96B-E5F2F539D6CB}"
EndProject
Project("{FAE04EC0-301F-11D3-BF4B-00C04F79EFBC}") = "Xamarin_Assignment2.iOS", "Xamarin_Assignment2\Xamarin_Assignment2.iOS\Xamarin_Assignment2.iOS.csproj", "{4500E167-B062-4A5A-9195-60D91337E131}"
EndProject
Project("{FAE04EC0-301F-11D3-BF4B-00C04F79EFBC}") = "Xamarin_Assignment2", "Xamarin_Assignment2\Xamarin_Assignment2\Xamarin_Assignment2.csproj", "{CF5399E2-00B1-4685-B6AE-1FB644247B96}"
EndProject
Global
	GlobalSection(SolutionConfigurationPlatforms) = preSolution
		Debug|Any CPU = Debug|Any CPU
		Debug|ARM = Debug|ARM
		Debug|iPhone = Debug|iPhone
		Debug|iPhoneSimulator = Debug|iPhoneSimulator
		Debug|x64 = Debug|x64
		Debug|x86 = Debug|x86
		Release|Any CPU = Release|Any CPU
		Release|ARM = Release|ARM
		Release|iPhone = Release|iPhone
		Release|iPhoneSimulator = Release|iPhoneSimulator
		Release|x64 = Release|x64
		Release|x86 = Release|x86
	EndGlobalSection
	GlobalSection(ProjectConfigurationPlatforms) = postSolution
		{2F77C694-008D-4BF3-B076-EB9E703606D4}.Debug|Any CPU.ActiveCfg = Debug|x86
		{2F77C694-008D-4BF3-B076-EB9E703606D4}.Debug|Any CPU.Build.0 = Debug|x86
		{2F77C694-008D-4BF3-B076-EB9E703606D4}.Debug|Any CPU.Deploy.0 = Debug|x86
		{2F77C694-008D-4BF3-B076-EB9E703606D4}.Debug|ARM.ActiveCfg = Debug|ARM
		{2F77C694-008D-4BF3-B076-EB9E703606D4}.Debug|ARM.Build.0 = Debug|ARM
		{2F77C694-008D-4BF3-B076-EB9E703606D4}.Debug|ARM.Deploy.0 = Debug|ARM
		{2F77C694-008D-4BF3-B076-EB9E703606D4}.Debug|iPhone.ActiveCfg = Debug|x86
		{2F77C694-008D-4BF3-B076-EB9E703606D4}.Debug|iPhone.Build.0 = Debug|x86
		{2F77C694-008D-4BF3-B076-EB9E703606D4}.Debug|iPhone.Deploy.0 = Debug|x86
		{2F77C694-008D-4BF3-B076-EB9E703606D4}.Debug|iPhoneSimulator.ActiveCfg = Debug|x86
		{2F77C694-008D-4BF3-B076-EB9E703606D4}.Debug|iPhoneSimulator.Build.0 = Debug|x86
		{2F77C694-008D-4BF3-B076-EB9E703606D4}.Debug|iPhoneSimulator.Deploy.0 = Debug|x86
		{2F77C694-008D-4BF3-B076-EB9E703606D4}.Debug|x64.ActiveCfg = Debug|x64
		{2F77C694-008D-4BF3-B076-EB9E703606D4}.Debug|x64.Build.0 = Debug|x64
		{2F77C694-008D-4BF3-B076-EB9E703606D4}.Debug|x64.Deploy.0 = Debug|x64
		{2F77C694-008D-4BF3-B076-EB9E703606D4}.Debug|x86.ActiveCfg = Debug|x86
		{2F77C694-008D-4BF3-B076-EB9E703606D4}.Debug|x86.Build.0 = Debug|x86
		{2F77C694-008D-4BF3-B076-EB9E703606D4}.Debug|x86.Deploy.0 = Debug|x86
		{2F77C694-008D-4BF3-B076-EB9E703606D4}.Release|Any CPU.ActiveCfg = Release|x86
		{2F77C694-008D-4BF3-B076-EB9E703606D4}.Release|Any CPU.Build.0 = Release|x86
		{2F77C694-008D-4BF3-B076-EB9E703606D4}.Release|Any CPU.Deploy.0 = Release|x86
		{2F77C694-008D-4BF3-B076-EB9E703606D4}.Release|ARM.ActiveCfg = Release|ARM
		{2F77C694-008D-4BF3-B076-EB9E703606D4}.Release|ARM.Build.0 = Release|ARM
		{2F77C694-008D-4BF3-B076-EB9E703606D4}.Release|ARM.Deploy.0 = Release|ARM
		{2F77C694-008D-4BF3-B076-EB9E703606D4}.Release|iPhone.ActiveCfg = Release|x86
		{2F77C694-008D-4BF3-B076-EB9E703606D4}.Release|iPhone.Build.0 = Release|x86
		{2F77C694-008D-4BF3-B076-EB9E703606D4}.Release|iPhone.Deploy.0 = Release|x86
		{2F77C694-008D-4BF3-B076-EB9E703606D4}.Release|iPhoneSimulator.ActiveCfg = Release|x86
		{2F77C694-008D-4BF3-B076-EB9E703606D4}.Release|iPhoneSimulator.Build.0 = Release|x86
		{2F77C694-008D-4BF3-B076-EB9E703606D4}.Release|iPhoneSimulator.Deploy.0 = Release|x86
		{2F77C694-008D-4BF3-B076-EB9E703606D4}.Release|x64.ActiveCfg = Release|x64
		{2F77C694-008D-4BF3-B076-EB9E703606D4}.Release|x64.Build.0 = Release|x64
		{2F77C694-008D-4BF3-B076-EB9E703606D4}.Release|x64.Deploy.0 = Release|x64
		{2F77C694-008D-4BF3-B076-EB9E703606D4}.Release|x86.ActiveCfg = Release|x86
		{2F77C694-008D-4BF3-B076-EB9E703606D4}.Release|x86.Build.0 = Release|x86
		{2F77C694-008D-4BF3-B076-EB9E703606D4}.Release|x86.Deploy.0 = Release|x86
		{6F8B4273-606B-4741-B96B-E5F2F539D6CB}.Debug|Any CPU.ActiveCfg = Debug|Any CPU
		{6F8B4273-606B-4741-B96B-E5F2F539D6CB}.Debug|Any CPU.Build.0 = Debug|Any CPU
		{6F8B4273-606B-4741-B96B-E5F2F539D6CB}.Debug|Any CPU.Deploy.0 = Debug|Any CPU
		{6F8B4273-606B-4741-B96B-E5F2F539D6CB}.Debug|ARM.ActiveCfg = Debug|Any CPU
		{6F8B4273-606B-4741-B96B-E5F2F539D6CB}.Debug|ARM.Build.0 = Debug|Any CPU
		{6F8B4273-606B-4741-B96B-E5F2F539D6CB}.Debug|ARM.Deploy.0 = Debug|Any CPU
		{6F8B4273-606B-4741-B96B-E5F2F539D6CB}.Debug|iPhone.ActiveCfg = Debug|Any CPU
		{6F8B4273-606B-4741-B96B-E5F2F539D6CB}.Debug|iPhone.Build.0 = Debug|Any CPU
		{6F8B4273-606B-4741-B96B-E5F2F539D6CB}.Debug|iPhone.Deploy.0 = Debug|Any CPU
		{6F8B4273-606B-4741-B96B-E5F2F539D6CB}.Debug|iPhoneSimulator.ActiveCfg = Debug|Any CPU
		{6F8B4273-606B-4741-B96B-E5F2F539D6CB}.Debug|iPhoneSimulator.Build.0 = Debug|Any CPU
		{6F8B4273-606B-4741-B96B-E5F2F539D6CB}.Debug|iPhoneSimulator.Deploy.0 = Debug|Any CPU
		{6F8B4273-606B-4741-B96B-E5F2F539D6CB}.Debug|x64.ActiveCfg = Debug|Any CPU
		{6F8B4273-606B-4741-B96B-E5F2F539D6CB}.Debug|x64.Build.0 = Debug|Any CPU
		{6F8B4273-606B-4741-B96B-E5F2F539D6CB}.Debug|x64.Deploy.0 = Debug|Any CPU
		{6F8B4273-606B-4741-B96B-E5F2F539D6CB}.Debug|x86.ActiveCfg = Debug|Any CPU
		{6F8B4273-606B-4741-B96B-E5F2F539D6CB}.Debug|x86.Build.0 = Debug|Any CPU
		{6F8B4273-606B-4741-B96B-E5F2F539D6CB}.Debug|x86.Deploy.0 = Debug|Any CPU
		{6F8B4273-606B-4741-B96B-E5F2F539D6CB}.Release|Any CPU.ActiveCfg = Release|Any CPU
		{6F8B4273-606B-4741-B96B-E5F2F539D6CB}.Release|Any CPU.Build.0 = Release|Any CPU
		{6F8B4273-606B-4741-B96B-E5F2F539D6CB}.Release|Any CPU.Deploy.0 = Release|Any CPU
		{6F8B4273-606B-4741-B96B-E5F2F539D6CB}.Release|ARM.ActiveCfg = Release|Any CPU
		{6F8B4273-606B-4741-B96B-E5F2F539D6CB}.Release|ARM.Build.0 = Release|Any CPU
		{6F8B4273-606B-4741-B96B-E5F2F539D6CB}.Release|ARM.Deploy.0 = Release|Any CPU
		{6F8B4273-606B-4741-B96B-E5F2F539D6CB}.Release|iPhone.ActiveCfg = Release|Any CPU
		{6F8B4273-606B-4741-B96B-E5F2F539D6CB}.Release|iPhone.Build.0 = Release|Any CPU
		{6F8B4273-606B-4741-B96B-E5F2F539D6CB}.Release|iPhone.Deploy.0 = Release|Any CPU
		{6F8B4273-606B-4741-B96B-E5F2F539D6CB}.Release|iPhoneSimulator.ActiveCfg = Release|Any CPU
		{6F8B4273-606B-4741-B96B-E5F2F539D6CB}.Release|iPhoneSimulator.Build.0 = Release|Any CPU
		{6F8B4273-606B-4741-B96B-E5F2F539D6CB}.Release|iPhoneSimulator.Deploy.0 = Release|Any CPU
		{6F8B4273-606B-4741-B96B-E5F2F539D6CB}.Release|x64.ActiveCfg = Release|Any CPU
		{6F8B4273-606B-4741-B96B-E5F2F539D6CB}.Release|x64.Build.0 = Release|Any CPU
		{6F8B4273-606B-4741-B96B-E5F2F539D6CB}.Release|x64.Deploy.0 = Release|Any CPU
		{6F8B4273-606B-4741-B96B-E5F2F539D6CB}.Release|x86.ActiveCfg = Release|Any CPU
		{6F8B4273-606B-4741-B96B-E5F2F539D6CB}.Release|x86.Build.0 = Release|Any CPU
		{6F8B4273-606B-4741-B96B-E5F2F539D6CB}.Release|x86.Deploy.0 = Release|Any CPU
		{4500E167-B062-4A5A-9195-60D91337E131}.Debug|Any CPU.ActiveCfg = Debug|iPhone
		{4500E167-B062-4A5A-9195-60D91337E131}.Debug|Any CPU.Build.0 = Debug|iPhone
		{4500E167-B062-4A5A-9195-60D91337E131}.Debug|Any CPU.Deploy.0 = Debug|iPhone
		{4500E167-B062-4A5A-9195-60D91337E131}.Debug|ARM.ActiveCfg = Debug|iPhoneSimulator
		{4500E167-B062-4A5A-9195-60D91337E131}.Debug|ARM.Build.0 = Debug|iPhoneSimulator
		{4500E167-B062-4A5A-9195-60D91337E131}.Debug|ARM.Deploy.0 = Debug|iPhoneSimulator
		{4500E167-B062-4A5A-9195-60D91337E131}.Debug|iPhone.ActiveCfg = Debug|iPhone
		{4500E167-B062-4A5A-9195-60D91337E131}.Debug|iPhone.Build.0 = Debug|iPhone
		{4500E167-B062-4A5A-9195-60D91337E131}.Debug|iPhone.Deploy.0 = Debug|iPhone
		{4500E167-B062-4A5A-9195-60D91337E131}.Debug|iPhoneSimulator.ActiveCfg = Debug|iPhoneSimulator
		{4500E167-B062-4A5A-9195-60D91337E131}.Debug|iPhoneSimulator.Build.0 = Debug|iPhoneSimulator
		{4500E167-B062-4A5A-9195-60D91337E131}.Debug|iPhoneSimulator.Deploy.0 = Debug|iPhoneSimulator
		{4500E167-B062-4A5A-9195-60D91337E131}.Debug|x64.ActiveCfg = Debug|iPhone
		{4500E167-B062-4A5A-9195-60D91337E131}.Debug|x64.Build.0 = Debug|iPhone
		{4500E167-B062-4A5A-9195-60D91337E131}.Debug|x64.Deploy.0 = Debug|iPhone
		{4500E167-B062-4A5A-9195-60D91337E131}.Debug|x86.ActiveCfg = Debug|iPhone
		{4500E167-B062-4A5A-9195-60D91337E131}.Debug|x86.Build.0 = Debug|iPhone
		{4500E167-B062-4A5A-9195-60D91337E131}.Debug|x86.Deploy.0 = Debug|iPhone
		{4500E167-B062-4A5A-9195-60D91337E131}.Release|Any CPU.ActiveCfg = Release|iPhone
		{4500E167-B062-4A5A-9195-60D91337E131}.Release|Any CPU.Build.0 = Release|iPhone
		{4500E167-B062-4A5A-9195-60D91337E131}.Release|Any CPU.Deploy.0 = Release|iPhone
		{4500E167-B062-4A5A-9195-60D91337E131}.Release|ARM.ActiveCfg = Release|iPhone
		{4500E167-B062-4A5A-9195-60D91337E131}.Release|ARM.Build.0 = Release|iPhone
		{4500E167-B062-4A5A-9195-60D91337E131}.Release|ARM.Deploy.0 = Release|iPhone
		{4500E167-B062-4A5A-9195-60D91337E131}.Release|iPhone.ActiveCfg = Release|iPhone
		{4500E167-B062-4A5A-9195-60D91337E131}.Release|iPhone.Build.0 = Release|iPhone
		{4500E167-B062-4A5A-9195-60D91337E131}.Release|iPhone.Deploy.0 = Release|iPhone
		{4500E167-B062-4A5A-9195-60D91337E131}.Release|iPhoneSimulator.ActiveCfg = Release|iPhoneSimulator
		{4500E167-B062-4A5A-9195-60D91337E131}.Release|iPhoneSimulator.Build.0 = Release|iPhoneSimulator
		{4500E167-B062-4A5A-9195-60D91337E131}.Release|iPhoneSimulator.Deploy.0 = Release|iPhoneSimulator
		{4500E167-B062-4A5A-9195-60D91337E131}.Release|x64.ActiveCfg = Release|iPhone
		{4500E167-B062-4A5A-9195-60D91337E131}.Release|x64.Build.0 = Release|iPhone
		{4500E167-B062-4A5A-9195-60D91337E131}.Release|x64.Deploy.0 = Release|iPhone
		{4500E167-B062-4A5A-9195-60D91337E131}.Release|x86.ActiveCfg = Release|iPhone
		{4500E167-B062-4A5A-9195-60D91337E131}.Release|x86.Build.0 = Release|iPhone
		{4500E167-B062-4A5A-9195-60D91337E131}.Release|x86.Deploy.0 = Release|iPhone
		{CF5399E2-00B1-4685-B6AE-1FB644247B96}.Debug|Any CPU.ActiveCfg = Debug|Any CPU
		{CF5399E2-00B1-4685-B6AE-1FB644247B96}.Debug|Any CPU.Build.0 = Debug|Any CPU
		{CF5399E2-00B1-4685-B6AE-1FB644247B96}.Debug|Any CPU.Deploy.0 = Debug|Any CPU
		{CF5399E2-00B1-4685-B6AE-1FB644247B96}.Debug|ARM.ActiveCfg = Debug|Any CPU
		{CF5399E2-00B1-4685-B6AE-1FB644247B96}.Debug|ARM.Build.0 = Debug|Any CPU
		{CF5399E2-00B1-4685-B6AE-1FB644247B96}.Debug|ARM.Deploy.0 = Debug|Any CPU
		{CF5399E2-00B1-4685-B6AE-1FB644247B96}.Debug|iPhone.ActiveCfg = Debug|Any CPU
		{CF5399E2-00B1-4685-B6AE-1FB644247B96}.Debug|iPhone.Build.0 = Debug|Any CPU
		{CF5399E2-00B1-4685-B6AE-1FB644247B96}.Debug|iPhone.Deploy.0 = Debug|Any CPU
		{CF5399E2-00B1-4685-B6AE-1FB644247B96}.Debug|iPhoneSimulator.ActiveCfg = Debug|Any CPU
		{CF5399E2-00B1-4685-B6AE-1FB644247B96}.Debug|iPhoneSimulator.Build.0 = Debug|Any CPU
		{CF5399E2-00B1-4685-B6AE-1FB644247B96}.Debug|iPhoneSimulator.Deploy.0 = Debug|Any CPU
		{CF5399E2-00B1-4685-B6AE-1FB644247B96}.Debug|x64.ActiveCfg = Debug|Any CPU
		{CF5399E2-00B1-4685-B6AE-1FB644247B96}.Debug|x64.Build.0 = Debug|Any CPU
		{CF5399E2-00B1-4685-B6AE-1FB644247B96}.Debug|x64.Deploy.0 = Debug|Any CPU
		{CF5399E2-00B1-4685-B6AE-1FB644247B96}.Debug|x86.ActiveCfg = Debug|Any CPU
		{CF5399E2-00B1-4685-B6AE-1FB644247B96}.Debug|x86.Build.0 = Debug|Any CPU
		{CF5399E2-00B1-4685-B6AE-1FB644247B96}.Debug|x86.Deploy.0 = Debug|Any CPU
		{CF5399E2-00B1-4685-B6AE-1FB644247B96}.Release|Any CPU.ActiveCfg = Release|Any CPU
		{CF5399E2-00B1-4685-B6AE-1FB644247B96}.Release|Any CPU.Build.0 = Release|Any CPU
		{CF5399E2-00B1-4685-B6AE-1FB644247B96}.Release|Any CPU.Deploy.0 = Release|Any CPU
		{CF5399E2-00B1-4685-B6AE-1FB644247B96}.Release|ARM.ActiveCfg = Release|Any CPU
		{CF5399E2-00B1-4685-B6AE-1FB644247B96}.Release|ARM.Build.0 = Release|Any CPU
		{CF5399E2-00B1-4685-B6AE-1FB644247B96}.Release|ARM.Deploy.0 = Release|Any CPU
		{CF5399E2-00B1-4685-B6AE-1FB644247B96}.Release|iPhone.ActiveCfg = Release|Any CPU
		{CF5399E2-00B1-4685-B6AE-1FB644247B96}.Release|iPhone.Build.0 = Release|Any CPU
		{CF5399E2-00B1-4685-B6AE-1FB644247B96}.Release|iPhone.Deploy.0 = Release|Any CPU
		{CF5399E2-00B1-4685-B6AE-1FB644247B96}.Release|iPhoneSimulator.ActiveCfg = Release|Any CPU
		{CF5399E2-00B1-4685-B6AE-1FB644247B96}.Release|iPhoneSimulator.Build.0 = Release|Any CPU
		{CF5399E2-00B1-4685-B6AE-1FB644247B96}.Release|iPhoneSimulator.Deploy.0 = Release|Any CPU
		{CF5399E2-00B1-4685-B6AE-1FB644247B96}.Release|x64.ActiveCfg = Release|Any CPU
		{CF5399E2-00B1-4685-B6AE-1FB644247B96}.Release|x64.Build.0 = Release|Any CPU
		{CF5399E2-00B1-4685-B6AE-1FB644247B96}.Release|x64.Deploy.0 = Release|Any CPU
		{CF5399E2-00B1-4685-B6AE-1FB644247B96}.Release|x86.ActiveCfg = Release|Any CPU
		{CF5399E2-00B1-4685-B6AE-1FB644247B96}.Release|x86.Build.0 = Release|Any CPU
		{CF5399E2-00B1-4685-B6AE-1FB644247B96}.Release|x86.Deploy.0 = Release|Any CPU
	EndGlobalSection
	GlobalSection(SolutionProperties) = preSolution
		HideSolutionNode = FALSE
	EndGlobalSection
	GlobalSection(ExtensibilityGlobals) = postSolution
		SolutionGuid = {6CB9ECAD-3E12-4F8C-8398-1ED3B4222A7E}
	EndGlobalSection
EndGlobal
